// !$*UTF8*$!
{
	archiveVersion = 1;
	classes = {
	};
	objectVersion = 55;
	objects = {

/* Begin PBXBuildFile section */
		5F4A59F42874A98600A9D2E5 /* AnimalDetailView.swift in Sources */ = {isa = PBXBuildFile; fileRef = 5F4A59F32874A98600A9D2E5 /* AnimalDetailView.swift */; };
		5F5841852878865C00204318 /* InsetFactView.swift in Sources */ = {isa = PBXBuildFile; fileRef = 5F5841842878865C00204318 /* InsetFactView.swift */; };
		5F58418728788A3600204318 /* InsetMapView.swift in Sources */ = {isa = PBXBuildFile; fileRef = 5F58418628788A3600204318 /* InsetMapView.swift */; };
		5F58418928788D4A00204318 /* ExternalWebLinkView.swift in Sources */ = {isa = PBXBuildFile; fileRef = 5F58418828788D4A00204318 /* ExternalWebLinkView.swift */; };
		5F58418B287975DC00204318 /* VideoModel.swift in Sources */ = {isa = PBXBuildFile; fileRef = 5F58418A287975DC00204318 /* VideoModel.swift */; };
		5F58418D2879763100204318 /* VideoListItemView.swift in Sources */ = {isa = PBXBuildFile; fileRef = 5F58418C2879763100204318 /* VideoListItemView.swift */; };
		5F58418F2879A55E00204318 /* VideoPlayerView.swift in Sources */ = {isa = PBXBuildFile; fileRef = 5F58418E2879A55E00204318 /* VideoPlayerView.swift */; };
		5F5841922879A65F00204318 /* VideoPlayerHelper.swift in Sources */ = {isa = PBXBuildFile; fileRef = 5F5841912879A65E00204318 /* VideoPlayerHelper.swift */; };
		5F5841942879C72D00204318 /* LocationModel.swift in Sources */ = {isa = PBXBuildFile; fileRef = 5F5841932879C72D00204318 /* LocationModel.swift */; };
		5F5841962879D38800204318 /* MapAnnotationView.swift in Sources */ = {isa = PBXBuildFile; fileRef = 5F5841952879D38800204318 /* MapAnnotationView.swift */; };
		5F5841982879DC6F00204318 /* MotionAnimationView.swift in Sources */ = {isa = PBXBuildFile; fileRef = 5F5841972879DC6F00204318 /* MotionAnimationView.swift */; };
		5F58419A287AE74F00204318 /* AnimalGridItemView.swift in Sources */ = {isa = PBXBuildFile; fileRef = 5F584199287AE74F00204318 /* AnimalGridItemView.swift */; };
		5F5841A0287AFA1600204318 /* Stickers.xcassets in Resources */ = {isa = PBXBuildFile; fileRef = 5F58419F287AFA1600204318 /* Stickers.xcassets */; };
		5F5841A4287AFA1600204318 /* Stickers.appex in Embed App Extensions */ = {isa = PBXBuildFile; fileRef = 5F58419D287AFA1400204318 /* Stickers.appex */; settings = {ATTRIBUTES = (RemoveHeadersOnCopy, ); }; };
		5F5841AA287AFD1100204318 /* CreditsView.swift in Sources */ = {isa = PBXBuildFile; fileRef = 5F5841A9287AFD1100204318 /* CreditsView.swift */; };
		5F5841AD287AFE9300204318 /* CenterModifier.swift in Sources */ = {isa = PBXBuildFile; fileRef = 5F5841AC287AFE9300204318 /* CenterModifier.swift */; };
		5F5B93FE287562A8002F9ACE /* HeadingView.swift in Sources */ = {isa = PBXBuildFile; fileRef = 5F5B93FD287562A8002F9ACE /* HeadingView.swift */; };
		5F5B9400287563A8002F9ACE /* InsetGalleryView.swift in Sources */ = {isa = PBXBuildFile; fileRef = 5F5B93FF287563A8002F9ACE /* InsetGalleryView.swift */; };
		5F64566828703A9E002C669F /* AfricaApp.swift in Sources */ = {isa = PBXBuildFile; fileRef = 5F64566728703A9E002C669F /* AfricaApp.swift */; };
		5F64566A28703A9E002C669F /* ContentView.swift in Sources */ = {isa = PBXBuildFile; fileRef = 5F64566928703A9E002C669F /* ContentView.swift */; };
		5F64566C28703AA1002C669F /* Assets.xcassets in Resources */ = {isa = PBXBuildFile; fileRef = 5F64566B28703AA1002C669F /* Assets.xcassets */; };
		5F64566F28703AA1002C669F /* Preview Assets.xcassets in Resources */ = {isa = PBXBuildFile; fileRef = 5F64566E28703AA1002C669F /* Preview Assets.xcassets */; };
		5F64568028703C17002C669F /* lion.mp4 in Resources */ = {isa = PBXBuildFile; fileRef = 5F64567628703C17002C669F /* lion.mp4 */; };
		5F64568128703C17002C669F /* hippo.mp4 in Resources */ = {isa = PBXBuildFile; fileRef = 5F64567728703C17002C669F /* hippo.mp4 */; };
		5F64568228703C17002C669F /* elephant.mp4 in Resources */ = {isa = PBXBuildFile; fileRef = 5F64567828703C17002C669F /* elephant.mp4 */; };
		5F64568328703C17002C669F /* giraffe.mp4 in Resources */ = {isa = PBXBuildFile; fileRef = 5F64567928703C17002C669F /* giraffe.mp4 */; };
		5F64568428703C17002C669F /* gorilla.mp4 in Resources */ = {isa = PBXBuildFile; fileRef = 5F64567A28703C17002C669F /* gorilla.mp4 */; };
		5F64568528703C17002C669F /* lioness.mp4 in Resources */ = {isa = PBXBuildFile; fileRef = 5F64567B28703C17002C669F /* lioness.mp4 */; };
		5F64568628703C17002C669F /* ostrich.mp4 in Resources */ = {isa = PBXBuildFile; fileRef = 5F64567C28703C17002C669F /* ostrich.mp4 */; };
		5F64568728703C17002C669F /* rhino.mp4 in Resources */ = {isa = PBXBuildFile; fileRef = 5F64567D28703C17002C669F /* rhino.mp4 */; };
		5F64568828703C17002C669F /* zebra.mp4 in Resources */ = {isa = PBXBuildFile; fileRef = 5F64567E28703C17002C669F /* zebra.mp4 */; };
		5F64568928703C17002C669F /* cheetah.mp4 in Resources */ = {isa = PBXBuildFile; fileRef = 5F64567F28703C17002C669F /* cheetah.mp4 */; };
		5F64568F28703C4B002C669F /* locations.json in Resources */ = {isa = PBXBuildFile; fileRef = 5F64568B28703C4B002C669F /* locations.json */; };
		5F64569028703C4B002C669F /* covers.json in Resources */ = {isa = PBXBuildFile; fileRef = 5F64568C28703C4B002C669F /* covers.json */; };
		5F64569128703C4B002C669F /* animals.json in Resources */ = {isa = PBXBuildFile; fileRef = 5F64568D28703C4B002C669F /* animals.json */; };
		5F64569228703C4B002C669F /* videos.json in Resources */ = {isa = PBXBuildFile; fileRef = 5F64568E28703C4B002C669F /* videos.json */; };
		5F6456962870B10B002C669F /* VideoListView.swift in Sources */ = {isa = PBXBuildFile; fileRef = 5F6456952870B10B002C669F /* VideoListView.swift */; };
		5F6456982870B127002C669F /* MapView.swift in Sources */ = {isa = PBXBuildFile; fileRef = 5F6456972870B127002C669F /* MapView.swift */; };
		5F64569A2870B13D002C669F /* GalleryView.swift in Sources */ = {isa = PBXBuildFile; fileRef = 5F6456992870B13D002C669F /* GalleryView.swift */; };
		5F64569D2870B153002C669F /* MainView.swift in Sources */ = {isa = PBXBuildFile; fileRef = 5F64569C2870B153002C669F /* MainView.swift */; };
		5F6456A02870B3BA002C669F /* CoverImageView.swift in Sources */ = {isa = PBXBuildFile; fileRef = 5F64569F2870B3BA002C669F /* CoverImageView.swift */; };
		5F6456A32870B550002C669F /* CoverImageModel.swift in Sources */ = {isa = PBXBuildFile; fileRef = 5F6456A22870B550002C669F /* CoverImageModel.swift */; };
		5F6456A62870B63C002C669F /* CodableBundleExtension.swift in Sources */ = {isa = PBXBuildFile; fileRef = 5F6456A52870B63C002C669F /* CodableBundleExtension.swift */; };
		5F6456A828733D0B002C669F /* AnimalListItemView.swift in Sources */ = {isa = PBXBuildFile; fileRef = 5F6456A728733D0B002C669F /* AnimalListItemView.swift */; };
		5F6456AA28733EFE002C669F /* AnimalModel.swift in Sources */ = {isa = PBXBuildFile; fileRef = 5F6456A928733EFE002C669F /* AnimalModel.swift */; };
/* End PBXBuildFile section */

/* Begin PBXContainerItemProxy section */
		5F5841A2287AFA1600204318 /* PBXContainerItemProxy */ = {
			isa = PBXContainerItemProxy;
			containerPortal = 5F64565C28703A9E002C669F /* Project object */;
			proxyType = 1;
			remoteGlobalIDString = 5F58419C287AFA1400204318;
			remoteInfo = Stickers;
		};
/* End PBXContainerItemProxy section */

/* Begin PBXCopyFilesBuildPhase section */
		5F5841A8287AFA1600204318 /* Embed App Extensions */ = {
			isa = PBXCopyFilesBuildPhase;
			buildActionMask = 2147483647;
			dstPath = "";
			dstSubfolderSpec = 13;
			files = (
				5F5841A4287AFA1600204318 /* Stickers.appex in Embed App Extensions */,
			);
			name = "Embed App Extensions";
			runOnlyForDeploymentPostprocessing = 0;
		};
/* End PBXCopyFilesBuildPhase section */

/* Begin PBXFileReference section */
		5F4A59F32874A98600A9D2E5 /* AnimalDetailView.swift */ = {isa = PBXFileReference; lastKnownFileType = sourcecode.swift; path = AnimalDetailView.swift; sourceTree = "<group>"; };
		5F5841842878865C00204318 /* InsetFactView.swift */ = {isa = PBXFileReference; lastKnownFileType = sourcecode.swift; path = InsetFactView.swift; sourceTree = "<group>"; };
		5F58418628788A3600204318 /* InsetMapView.swift */ = {isa = PBXFileReference; lastKnownFileType = sourcecode.swift; path = InsetMapView.swift; sourceTree = "<group>"; };
		5F58418828788D4A00204318 /* ExternalWebLinkView.swift */ = {isa = PBXFileReference; lastKnownFileType = sourcecode.swift; path = ExternalWebLinkView.swift; sourceTree = "<group>"; };
		5F58418A287975DC00204318 /* VideoModel.swift */ = {isa = PBXFileReference; lastKnownFileType = sourcecode.swift; path = VideoModel.swift; sourceTree = "<group>"; };
		5F58418C2879763100204318 /* VideoListItemView.swift */ = {isa = PBXFileReference; lastKnownFileType = sourcecode.swift; path = VideoListItemView.swift; sourceTree = "<group>"; };
		5F58418E2879A55E00204318 /* VideoPlayerView.swift */ = {isa = PBXFileReference; lastKnownFileType = sourcecode.swift; path = VideoPlayerView.swift; sourceTree = "<group>"; };
		5F5841912879A65E00204318 /* VideoPlayerHelper.swift */ = {isa = PBXFileReference; lastKnownFileType = sourcecode.swift; path = VideoPlayerHelper.swift; sourceTree = "<group>"; };
		5F5841932879C72D00204318 /* LocationModel.swift */ = {isa = PBXFileReference; lastKnownFileType = sourcecode.swift; path = LocationModel.swift; sourceTree = "<group>"; };
		5F5841952879D38800204318 /* MapAnnotationView.swift */ = {isa = PBXFileReference; lastKnownFileType = sourcecode.swift; path = MapAnnotationView.swift; sourceTree = "<group>"; };
		5F5841972879DC6F00204318 /* MotionAnimationView.swift */ = {isa = PBXFileReference; lastKnownFileType = sourcecode.swift; path = MotionAnimationView.swift; sourceTree = "<group>"; };
		5F584199287AE74F00204318 /* AnimalGridItemView.swift */ = {isa = PBXFileReference; lastKnownFileType = sourcecode.swift; path = AnimalGridItemView.swift; sourceTree = "<group>"; };
		5F58419D287AFA1400204318 /* Stickers.appex */ = {isa = PBXFileReference; explicitFileType = "wrapper.app-extension"; includeInIndex = 0; path = Stickers.appex; sourceTree = BUILT_PRODUCTS_DIR; };
		5F58419F287AFA1600204318 /* Stickers.xcassets */ = {isa = PBXFileReference; lastKnownFileType = folder.assetcatalog; path = Stickers.xcassets; sourceTree = "<group>"; };
		5F5841A1287AFA1600204318 /* Info.plist */ = {isa = PBXFileReference; lastKnownFileType = text.plist.xml; path = Info.plist; sourceTree = "<group>"; };
		5F5841A9287AFD1100204318 /* CreditsView.swift */ = {isa = PBXFileReference; lastKnownFileType = sourcecode.swift; path = CreditsView.swift; sourceTree = "<group>"; };
		5F5841AC287AFE9300204318 /* CenterModifier.swift */ = {isa = PBXFileReference; lastKnownFileType = sourcecode.swift; path = CenterModifier.swift; sourceTree = "<group>"; };
		5F5841AE287B000500204318 /* Stickers.entitlements */ = {isa = PBXFileReference; lastKnownFileType = text.plist.entitlements; path = Stickers.entitlements; sourceTree = "<group>"; };
		5F5B93FD287562A8002F9ACE /* HeadingView.swift */ = {isa = PBXFileReference; lastKnownFileType = sourcecode.swift; path = HeadingView.swift; sourceTree = "<group>"; };
		5F5B93FF287563A8002F9ACE /* InsetGalleryView.swift */ = {isa = PBXFileReference; lastKnownFileType = sourcecode.swift; path = InsetGalleryView.swift; sourceTree = "<group>"; };
		5F64566428703A9E002C669F /* Africa.app */ = {isa = PBXFileReference; explicitFileType = wrapper.application; includeInIndex = 0; path = Africa.app; sourceTree = BUILT_PRODUCTS_DIR; };
		5F64566728703A9E002C669F /* AfricaApp.swift */ = {isa = PBXFileReference; lastKnownFileType = sourcecode.swift; path = AfricaApp.swift; sourceTree = "<group>"; };
		5F64566928703A9E002C669F /* ContentView.swift */ = {isa = PBXFileReference; lastKnownFileType = sourcecode.swift; path = ContentView.swift; sourceTree = "<group>"; };
		5F64566B28703AA1002C669F /* Assets.xcassets */ = {isa = PBXFileReference; lastKnownFileType = folder.assetcatalog; path = Assets.xcassets; sourceTree = "<group>"; };
		5F64566E28703AA1002C669F /* Preview Assets.xcassets */ = {isa = PBXFileReference; lastKnownFileType = folder.assetcatalog; path = "Preview Assets.xcassets"; sourceTree = "<group>"; };
		5F64567628703C17002C669F /* lion.mp4 */ = {isa = PBXFileReference; lastKnownFileType = file; path = lion.mp4; sourceTree = "<group>"; };
		5F64567728703C17002C669F /* hippo.mp4 */ = {isa = PBXFileReference; lastKnownFileType = file; path = hippo.mp4; sourceTree = "<group>"; };
		5F64567828703C17002C669F /* elephant.mp4 */ = {isa = PBXFileReference; lastKnownFileType = file; path = elephant.mp4; sourceTree = "<group>"; };
		5F64567928703C17002C669F /* giraffe.mp4 */ = {isa = PBXFileReference; lastKnownFileType = file; path = giraffe.mp4; sourceTree = "<group>"; };
		5F64567A28703C17002C669F /* gorilla.mp4 */ = {isa = PBXFileReference; lastKnownFileType = file; path = gorilla.mp4; sourceTree = "<group>"; };
		5F64567B28703C17002C669F /* lioness.mp4 */ = {isa = PBXFileReference; lastKnownFileType = file; path = lioness.mp4; sourceTree = "<group>"; };
		5F64567C28703C17002C669F /* ostrich.mp4 */ = {isa = PBXFileReference; lastKnownFileType = file; path = ostrich.mp4; sourceTree = "<group>"; };
		5F64567D28703C17002C669F /* rhino.mp4 */ = {isa = PBXFileReference; lastKnownFileType = file; path = rhino.mp4; sourceTree = "<group>"; };
		5F64567E28703C17002C669F /* zebra.mp4 */ = {isa = PBXFileReference; lastKnownFileType = file; path = zebra.mp4; sourceTree = "<group>"; };
		5F64567F28703C17002C669F /* cheetah.mp4 */ = {isa = PBXFileReference; lastKnownFileType = file; path = cheetah.mp4; sourceTree = "<group>"; };
		5F64568B28703C4B002C669F /* locations.json */ = {isa = PBXFileReference; fileEncoding = 4; lastKnownFileType = text.json; path = locations.json; sourceTree = "<group>"; };
		5F64568C28703C4B002C669F /* covers.json */ = {isa = PBXFileReference; fileEncoding = 4; lastKnownFileType = text.json; path = covers.json; sourceTree = "<group>"; };
		5F64568D28703C4B002C669F /* animals.json */ = {isa = PBXFileReference; fileEncoding = 4; lastKnownFileType = text.json; path = animals.json; sourceTree = "<group>"; };
		5F64568E28703C4B002C669F /* videos.json */ = {isa = PBXFileReference; fileEncoding = 4; lastKnownFileType = text.json; path = videos.json; sourceTree = "<group>"; };
		5F6456932870AF82002C669F /* Info.plist */ = {isa = PBXFileReference; lastKnownFileType = text.plist; path = Info.plist; sourceTree = "<group>"; };
		5F6456952870B10B002C669F /* VideoListView.swift */ = {isa = PBXFileReference; lastKnownFileType = sourcecode.swift; path = VideoListView.swift; sourceTree = "<group>"; };
		5F6456972870B127002C669F /* MapView.swift */ = {isa = PBXFileReference; lastKnownFileType = sourcecode.swift; path = MapView.swift; sourceTree = "<group>"; };
		5F6456992870B13D002C669F /* GalleryView.swift */ = {isa = PBXFileReference; lastKnownFileType = sourcecode.swift; path = GalleryView.swift; sourceTree = "<group>"; };
		5F64569C2870B153002C669F /* MainView.swift */ = {isa = PBXFileReference; lastKnownFileType = sourcecode.swift; path = MainView.swift; sourceTree = "<group>"; };
		5F64569F2870B3BA002C669F /* CoverImageView.swift */ = {isa = PBXFileReference; lastKnownFileType = sourcecode.swift; path = CoverImageView.swift; sourceTree = "<group>"; };
		5F6456A22870B550002C669F /* CoverImageModel.swift */ = {isa = PBXFileReference; lastKnownFileType = sourcecode.swift; path = CoverImageModel.swift; sourceTree = "<group>"; };
		5F6456A52870B63C002C669F /* CodableBundleExtension.swift */ = {isa = PBXFileReference; lastKnownFileType = sourcecode.swift; path = CodableBundleExtension.swift; sourceTree = "<group>"; };
		5F6456A728733D0B002C669F /* AnimalListItemView.swift */ = {isa = PBXFileReference; lastKnownFileType = sourcecode.swift; path = AnimalListItemView.swift; sourceTree = "<group>"; };
		5F6456A928733EFE002C669F /* AnimalModel.swift */ = {isa = PBXFileReference; lastKnownFileType = sourcecode.swift; path = AnimalModel.swift; sourceTree = "<group>"; };
/* End PBXFileReference section */

/* Begin PBXFrameworksBuildPhase section */
		5F64566128703A9E002C669F /* Frameworks */ = {
			isa = PBXFrameworksBuildPhase;
			buildActionMask = 2147483647;
			files = (
			);
			runOnlyForDeploymentPostprocessing = 0;
		};
/* End PBXFrameworksBuildPhase section */

/* Begin PBXGroup section */
		5F5841902879A65200204318 /* Utility */ = {
			isa = PBXGroup;
			children = (
				5F5841912879A65E00204318 /* VideoPlayerHelper.swift */,
			);
			path = Utility;
			sourceTree = "<group>";
		};
		5F58419E287AFA1400204318 /* Stickers */ = {
			isa = PBXGroup;
			children = (
				5F5841AE287B000500204318 /* Stickers.entitlements */,
				5F58419F287AFA1600204318 /* Stickers.xcassets */,
				5F5841A1287AFA1600204318 /* Info.plist */,
			);
			path = Stickers;
			sourceTree = "<group>";
		};
		5F5841AB287AFE8400204318 /* Modifier */ = {
			isa = PBXGroup;
			children = (
				5F5841AC287AFE9300204318 /* CenterModifier.swift */,
			);
			path = Modifier;
			sourceTree = "<group>";
		};
		5F64565B28703A9E002C669F = {
			isa = PBXGroup;
			children = (
				5F64566628703A9E002C669F /* Africa */,
				5F58419E287AFA1400204318 /* Stickers */,
				5F64566528703A9E002C669F /* Products */,
			);
			sourceTree = "<group>";
		};
		5F64566528703A9E002C669F /* Products */ = {
			isa = PBXGroup;
			children = (
				5F64566428703A9E002C669F /* Africa.app */,
				5F58419D287AFA1400204318 /* Stickers.appex */,
			);
			name = Products;
			sourceTree = "<group>";
		};
		5F64566628703A9E002C669F /* Africa */ = {
			isa = PBXGroup;
			children = (
				5F5841AB287AFE8400204318 /* Modifier */,
				5F5841902879A65200204318 /* Utility */,
				5F6456A42870B62A002C669F /* Extension */,
				5F6456A12870B546002C669F /* Model */,
				5F64569E2870B3A4002C669F /* View */,
				5F6456932870AF82002C669F /* Info.plist */,
				5F64568A28703C39002C669F /* Data */,
				5F64567528703BFE002C669F /* Video */,
				5F6456942870B0D6002C669F /* App */,
				5F64566B28703AA1002C669F /* Assets.xcassets */,
				5F64566D28703AA1002C669F /* Preview Content */,
			);
			path = Africa;
			sourceTree = "<group>";
		};
		5F64566D28703AA1002C669F /* Preview Content */ = {
			isa = PBXGroup;
			children = (
				5F64566E28703AA1002C669F /* Preview Assets.xcassets */,
			);
			path = "Preview Content";
			sourceTree = "<group>";
		};
		5F64567528703BFE002C669F /* Video */ = {
			isa = PBXGroup;
			children = (
				5F64567F28703C17002C669F /* cheetah.mp4 */,
				5F64567828703C17002C669F /* elephant.mp4 */,
				5F64567928703C17002C669F /* giraffe.mp4 */,
				5F64567A28703C17002C669F /* gorilla.mp4 */,
				5F64567728703C17002C669F /* hippo.mp4 */,
				5F64567628703C17002C669F /* lion.mp4 */,
				5F64567B28703C17002C669F /* lioness.mp4 */,
				5F64567C28703C17002C669F /* ostrich.mp4 */,
				5F64567D28703C17002C669F /* rhino.mp4 */,
				5F64567E28703C17002C669F /* zebra.mp4 */,
			);
			path = Video;
			sourceTree = "<group>";
		};
		5F64568A28703C39002C669F /* Data */ = {
			isa = PBXGroup;
			children = (
				5F64568D28703C4B002C669F /* animals.json */,
				5F64568C28703C4B002C669F /* covers.json */,
				5F64568B28703C4B002C669F /* locations.json */,
				5F64568E28703C4B002C669F /* videos.json */,
			);
			path = Data;
			sourceTree = "<group>";
		};
		5F6456942870B0D6002C669F /* App */ = {
			isa = PBXGroup;
			children = (
				5F64566928703A9E002C669F /* ContentView.swift */,
				5F64566728703A9E002C669F /* AfricaApp.swift */,
				5F6456952870B10B002C669F /* VideoListView.swift */,
				5F6456972870B127002C669F /* MapView.swift */,
				5F6456992870B13D002C669F /* GalleryView.swift */,
				5F64569C2870B153002C669F /* MainView.swift */,
			);
			path = App;
			sourceTree = "<group>";
		};
		5F64569E2870B3A4002C669F /* View */ = {
			isa = PBXGroup;
			children = (
				5F64569F2870B3BA002C669F /* CoverImageView.swift */,
				5F6456A728733D0B002C669F /* AnimalListItemView.swift */,
				5F4A59F32874A98600A9D2E5 /* AnimalDetailView.swift */,
				5F5B93FD287562A8002F9ACE /* HeadingView.swift */,
				5F5B93FF287563A8002F9ACE /* InsetGalleryView.swift */,
				5F5841842878865C00204318 /* InsetFactView.swift */,
				5F58418628788A3600204318 /* InsetMapView.swift */,
				5F58418828788D4A00204318 /* ExternalWebLinkView.swift */,
				5F58418C2879763100204318 /* VideoListItemView.swift */,
				5F58418E2879A55E00204318 /* VideoPlayerView.swift */,
				5F5841952879D38800204318 /* MapAnnotationView.swift */,
				5F5841972879DC6F00204318 /* MotionAnimationView.swift */,
				5F584199287AE74F00204318 /* AnimalGridItemView.swift */,
				5F5841A9287AFD1100204318 /* CreditsView.swift */,
			);
			path = View;
			sourceTree = "<group>";
		};
		5F6456A12870B546002C669F /* Model */ = {
			isa = PBXGroup;
			children = (
				5F6456A22870B550002C669F /* CoverImageModel.swift */,
				5F6456A928733EFE002C669F /* AnimalModel.swift */,
				5F58418A287975DC00204318 /* VideoModel.swift */,
				5F5841932879C72D00204318 /* LocationModel.swift */,
			);
			path = Model;
			sourceTree = "<group>";
		};
		5F6456A42870B62A002C669F /* Extension */ = {
			isa = PBXGroup;
			children = (
				5F6456A52870B63C002C669F /* CodableBundleExtension.swift */,
			);
			path = Extension;
			sourceTree = "<group>";
		};
/* End PBXGroup section */

/* Begin PBXNativeTarget section */
		5F58419C287AFA1400204318 /* Stickers */ = {
			isa = PBXNativeTarget;
			buildConfigurationList = 5F5841A5287AFA1600204318 /* Build configuration list for PBXNativeTarget "Stickers" */;
			buildPhases = (
				5F58419B287AFA1400204318 /* Resources */,
			);
			buildRules = (
			);
			dependencies = (
			);
			name = Stickers;
			productName = Stickers;
			productReference = 5F58419D287AFA1400204318 /* Stickers.appex */;
			productType = "com.apple.product-type.app-extension.messages-sticker-pack";
		};
		5F64566328703A9E002C669F /* Africa */ = {
			isa = PBXNativeTarget;
			buildConfigurationList = 5F64567228703AA1002C669F /* Build configuration list for PBXNativeTarget "Africa" */;
			buildPhases = (
				5F64566028703A9E002C669F /* Sources */,
				5F64566128703A9E002C669F /* Frameworks */,
				5F64566228703A9E002C669F /* Resources */,
				5F5841A8287AFA1600204318 /* Embed App Extensions */,
			);
			buildRules = (
			);
			dependencies = (
				5F5841A3287AFA1600204318 /* PBXTargetDependency */,
			);
			name = Africa;
			productName = Africa;
			productReference = 5F64566428703A9E002C669F /* Africa.app */;
			productType = "com.apple.product-type.application";
		};
/* End PBXNativeTarget section */

/* Begin PBXProject section */
		5F64565C28703A9E002C669F /* Project object */ = {
			isa = PBXProject;
			attributes = {
				BuildIndependentTargetsInParallel = 1;
				LastSwiftUpdateCheck = 1340;
				LastUpgradeCheck = 1340;
				TargetAttributes = {
					5F58419C287AFA1400204318 = {
						CreatedOnToolsVersion = 13.4.1;
					};
					5F64566328703A9E002C669F = {
						CreatedOnToolsVersion = 13.4.1;
					};
				};
			};
			buildConfigurationList = 5F64565F28703A9E002C669F /* Build configuration list for PBXProject "Africa" */;
			compatibilityVersion = "Xcode 13.0";
			developmentRegion = en;
			hasScannedForEncodings = 0;
			knownRegions = (
				en,
				Base,
			);
			mainGroup = 5F64565B28703A9E002C669F;
			productRefGroup = 5F64566528703A9E002C669F /* Products */;
			projectDirPath = "";
			projectRoot = "";
			targets = (
				5F64566328703A9E002C669F /* Africa */,
				5F58419C287AFA1400204318 /* Stickers */,
			);
		};
/* End PBXProject section */

/* Begin PBXResourcesBuildPhase section */
		5F58419B287AFA1400204318 /* Resources */ = {
			isa = PBXResourcesBuildPhase;
			buildActionMask = 2147483647;
			files = (
				5F5841A0287AFA1600204318 /* Stickers.xcassets in Resources */,
			);
			runOnlyForDeploymentPostprocessing = 0;
		};
		5F64566228703A9E002C669F /* Resources */ = {
			isa = PBXResourcesBuildPhase;
			buildActionMask = 2147483647;
			files = (
				5F64569128703C4B002C669F /* animals.json in Resources */,
				5F64568F28703C4B002C669F /* locations.json in Resources */,
				5F64568128703C17002C669F /* hippo.mp4 in Resources */,
				5F64566F28703AA1002C669F /* Preview Assets.xcassets in Resources */,
				5F64568328703C17002C669F /* giraffe.mp4 in Resources */,
				5F64568628703C17002C669F /* ostrich.mp4 in Resources */,
				5F64568428703C17002C669F /* gorilla.mp4 in Resources */,
				5F64568028703C17002C669F /* lion.mp4 in Resources */,
				5F64569028703C4B002C669F /* covers.json in Resources */,
				5F64568828703C17002C669F /* zebra.mp4 in Resources */,
				5F64568228703C17002C669F /* elephant.mp4 in Resources */,
				5F64568928703C17002C669F /* cheetah.mp4 in Resources */,
				5F64566C28703AA1002C669F /* Assets.xcassets in Resources */,
				5F64569228703C4B002C669F /* videos.json in Resources */,
				5F64568728703C17002C669F /* rhino.mp4 in Resources */,
				5F64568528703C17002C669F /* lioness.mp4 in Resources */,
			);
			runOnlyForDeploymentPostprocessing = 0;
		};
/* End PBXResourcesBuildPhase section */

/* Begin PBXSourcesBuildPhase section */
		5F64566028703A9E002C669F /* Sources */ = {
			isa = PBXSourcesBuildPhase;
			buildActionMask = 2147483647;
			files = (
				5F64566A28703A9E002C669F /* ContentView.swift in Sources */,
				5F58418728788A3600204318 /* InsetMapView.swift in Sources */,
				5F6456A828733D0B002C669F /* AnimalListItemView.swift in Sources */,
				5F64569D2870B153002C669F /* MainView.swift in Sources */,
				5F5841852878865C00204318 /* InsetFactView.swift in Sources */,
				5F6456A02870B3BA002C669F /* CoverImageView.swift in Sources */,
				5F6456A32870B550002C669F /* CoverImageModel.swift in Sources */,
				5F4A59F42874A98600A9D2E5 /* AnimalDetailView.swift in Sources */,
				5F6456AA28733EFE002C669F /* AnimalModel.swift in Sources */,
				5F6456982870B127002C669F /* MapView.swift in Sources */,
				5F5841922879A65F00204318 /* VideoPlayerHelper.swift in Sources */,
				5F64566828703A9E002C669F /* AfricaApp.swift in Sources */,
				5F58418928788D4A00204318 /* ExternalWebLinkView.swift in Sources */,
				5F5841962879D38800204318 /* MapAnnotationView.swift in Sources */,
				5F6456962870B10B002C669F /* VideoListView.swift in Sources */,
				5F58418B287975DC00204318 /* VideoModel.swift in Sources */,
				5F64569A2870B13D002C669F /* GalleryView.swift in Sources */,
				5F5841942879C72D00204318 /* LocationModel.swift in Sources */,
				5F58419A287AE74F00204318 /* AnimalGridItemView.swift in Sources */,
				5F5B9400287563A8002F9ACE /* InsetGalleryView.swift in Sources */,
				5F58418D2879763100204318 /* VideoListItemView.swift in Sources */,
				5F5841AA287AFD1100204318 /* CreditsView.swift in Sources */,
				5F6456A62870B63C002C669F /* CodableBundleExtension.swift in Sources */,
				5F5841982879DC6F00204318 /* MotionAnimationView.swift in Sources */,
				5F5841AD287AFE9300204318 /* CenterModifier.swift in Sources */,
				5F5B93FE287562A8002F9ACE /* HeadingView.swift in Sources */,
				5F58418F2879A55E00204318 /* VideoPlayerView.swift in Sources */,
			);
			runOnlyForDeploymentPostprocessing = 0;
		};
/* End PBXSourcesBuildPhase section */

/* Begin PBXTargetDependency section */
		5F5841A3287AFA1600204318 /* PBXTargetDependency */ = {
			isa = PBXTargetDependency;
			target = 5F58419C287AFA1400204318 /* Stickers */;
			targetProxy = 5F5841A2287AFA1600204318 /* PBXContainerItemProxy */;
		};
/* End PBXTargetDependency section */

/* Begin XCBuildConfiguration section */
		5F5841A6287AFA1600204318 /* Debug */ = {
			isa = XCBuildConfiguration;
			buildSettings = {
				ASSETCATALOG_COMPILER_APPICON_NAME = "iMessage App Icon";
				CODE_SIGN_ENTITLEMENTS = Stickers/Stickers.entitlements;
				CODE_SIGN_STYLE = Automatic;
				CURRENT_PROJECT_VERSION = 1;
				DEVELOPMENT_TEAM = 2825SGSHWB;
				GENERATE_INFOPLIST_FILE = YES;
				INFOPLIST_FILE = Stickers/Info.plist;
				INFOPLIST_KEY_CFBundleDisplayName = Africa;
				IPHONEOS_DEPLOYMENT_TARGET = 10.0;
				MARKETING_VERSION = 1.0;
				PRODUCT_BUNDLE_IDENTIFIER = hiusanmaz.Africa.Stickers;
				PRODUCT_NAME = "$(TARGET_NAME)";
				SKIP_INSTALL = YES;
				SUPPORTS_MACCATALYST = YES;
				SWIFT_EMIT_LOC_STRINGS = YES;
				TARGETED_DEVICE_FAMILY = "1,2";
			};
			name = Debug;
		};
		5F5841A7287AFA1600204318 /* Release */ = {
			isa = XCBuildConfiguration;
			buildSettings = {
				ASSETCATALOG_COMPILER_APPICON_NAME = "iMessage App Icon";
				CODE_SIGN_ENTITLEMENTS = Stickers/Stickers.entitlements;
				CODE_SIGN_STYLE = Automatic;
				CURRENT_PROJECT_VERSION = 1;
				DEVELOPMENT_TEAM = 2825SGSHWB;
				GENERATE_INFOPLIST_FILE = YES;
				INFOPLIST_FILE = Stickers/Info.plist;
				INFOPLIST_KEY_CFBundleDisplayName = Africa;
				IPHONEOS_DEPLOYMENT_TARGET = 10.0;
				MARKETING_VERSION = 1.0;
				PRODUCT_BUNDLE_IDENTIFIER = hiusanmaz.Africa.Stickers;
				PRODUCT_NAME = "$(TARGET_NAME)";
				SKIP_INSTALL = YES;
				SUPPORTS_MACCATALYST = YES;
				SWIFT_EMIT_LOC_STRINGS = YES;
				TARGETED_DEVICE_FAMILY = "1,2";
			};
			name = Release;
		};
		5F64567028703AA1002C669F /* Debug */ = {
			isa = XCBuildConfiguration;
			buildSettings = {
				ALWAYS_SEARCH_USER_PATHS = NO;
				CLANG_ANALYZER_NONNULL = YES;
				CLANG_ANALYZER_NUMBER_OBJECT_CONVERSION = YES_AGGRESSIVE;
				CLANG_CXX_LANGUAGE_STANDARD = "gnu++17";
				CLANG_ENABLE_MODULES = YES;
				CLANG_ENABLE_OBJC_ARC = YES;
				CLANG_ENABLE_OBJC_WEAK = YES;
				CLANG_WARN_BLOCK_CAPTURE_AUTORELEASING = YES;
				CLANG_WARN_BOOL_CONVERSION = YES;
				CLANG_WARN_COMMA = YES;
				CLANG_WARN_CONSTANT_CONVERSION = YES;
				CLANG_WARN_DEPRECATED_OBJC_IMPLEMENTATIONS = YES;
				CLANG_WARN_DIRECT_OBJC_ISA_USAGE = YES_ERROR;
				CLANG_WARN_DOCUMENTATION_COMMENTS = YES;
				CLANG_WARN_EMPTY_BODY = YES;
				CLANG_WARN_ENUM_CONVERSION = YES;
				CLANG_WARN_INFINITE_RECURSION = YES;
				CLANG_WARN_INT_CONVERSION = YES;
				CLANG_WARN_NON_LITERAL_NULL_CONVERSION = YES;
				CLANG_WARN_OBJC_IMPLICIT_RETAIN_SELF = YES;
				CLANG_WARN_OBJC_LITERAL_CONVERSION = YES;
				CLANG_WARN_OBJC_ROOT_CLASS = YES_ERROR;
				CLANG_WARN_QUOTED_INCLUDE_IN_FRAMEWORK_HEADER = YES;
				CLANG_WARN_RANGE_LOOP_ANALYSIS = YES;
				CLANG_WARN_STRICT_PROTOTYPES = YES;
				CLANG_WARN_SUSPICIOUS_MOVE = YES;
				CLANG_WARN_UNGUARDED_AVAILABILITY = YES_AGGRESSIVE;
				CLANG_WARN_UNREACHABLE_CODE = YES;
				CLANG_WARN__DUPLICATE_METHOD_MATCH = YES;
				COPY_PHASE_STRIP = NO;
				DEBUG_INFORMATION_FORMAT = dwarf;
				ENABLE_STRICT_OBJC_MSGSEND = YES;
				ENABLE_TESTABILITY = YES;
				GCC_C_LANGUAGE_STANDARD = gnu11;
				GCC_DYNAMIC_NO_PIC = NO;
				GCC_NO_COMMON_BLOCKS = YES;
				GCC_OPTIMIZATION_LEVEL = 0;
				GCC_PREPROCESSOR_DEFINITIONS = (
					"DEBUG=1",
					"$(inherited)",
				);
				GCC_WARN_64_TO_32_BIT_CONVERSION = YES;
				GCC_WARN_ABOUT_RETURN_TYPE = YES_ERROR;
				GCC_WARN_UNDECLARED_SELECTOR = YES;
				GCC_WARN_UNINITIALIZED_AUTOS = YES_AGGRESSIVE;
				GCC_WARN_UNUSED_FUNCTION = YES;
				GCC_WARN_UNUSED_VARIABLE = YES;
				IPHONEOS_DEPLOYMENT_TARGET = 15.5;
				MTL_ENABLE_DEBUG_INFO = INCLUDE_SOURCE;
				MTL_FAST_MATH = YES;
				ONLY_ACTIVE_ARCH = YES;
				SDKROOT = iphoneos;
				SWIFT_ACTIVE_COMPILATION_CONDITIONS = DEBUG;
				SWIFT_OPTIMIZATION_LEVEL = "-Onone";
			};
			name = Debug;
		};
		5F64567128703AA1002C669F /* Release */ = {
			isa = XCBuildConfiguration;
			buildSettings = {
				ALWAYS_SEARCH_USER_PATHS = NO;
				CLANG_ANALYZER_NONNULL = YES;
				CLANG_ANALYZER_NUMBER_OBJECT_CONVERSION = YES_AGGRESSIVE;
				CLANG_CXX_LANGUAGE_STANDARD = "gnu++17";
				CLANG_ENABLE_MODULES = YES;
				CLANG_ENABLE_OBJC_ARC = YES;
				CLANG_ENABLE_OBJC_WEAK = YES;
				CLANG_WARN_BLOCK_CAPTURE_AUTORELEASING = YES;
				CLANG_WARN_BOOL_CONVERSION = YES;
				CLANG_WARN_COMMA = YES;
				CLANG_WARN_CONSTANT_CONVERSION = YES;
				CLANG_WARN_DEPRECATED_OBJC_IMPLEMENTATIONS = YES;
				CLANG_WARN_DIRECT_OBJC_ISA_USAGE = YES_ERROR;
				CLANG_WARN_DOCUMENTATION_COMMENTS = YES;
				CLANG_WARN_EMPTY_BODY = YES;
				CLANG_WARN_ENUM_CONVERSION = YES;
				CLANG_WARN_INFINITE_RECURSION = YES;
				CLANG_WARN_INT_CONVERSION = YES;
				CLANG_WARN_NON_LITERAL_NULL_CONVERSION = YES;
				CLANG_WARN_OBJC_IMPLICIT_RETAIN_SELF = YES;
				CLANG_WARN_OBJC_LITERAL_CONVERSION = YES;
				CLANG_WARN_OBJC_ROOT_CLASS = YES_ERROR;
				CLANG_WARN_QUOTED_INCLUDE_IN_FRAMEWORK_HEADER = YES;
				CLANG_WARN_RANGE_LOOP_ANALYSIS = YES;
				CLANG_WARN_STRICT_PROTOTYPES = YES;
				CLANG_WARN_SUSPICIOUS_MOVE = YES;
				CLANG_WARN_UNGUARDED_AVAILABILITY = YES_AGGRESSIVE;
				CLANG_WARN_UNREACHABLE_CODE = YES;
				CLANG_WARN__DUPLICATE_METHOD_MATCH = YES;
				COPY_PHASE_STRIP = NO;
				DEBUG_INFORMATION_FORMAT = "dwarf-with-dsym";
				ENABLE_NS_ASSERTIONS = NO;
				ENABLE_STRICT_OBJC_MSGSEND = YES;
				GCC_C_LANGUAGE_STANDARD = gnu11;
				GCC_NO_COMMON_BLOCKS = YES;
				GCC_WARN_64_TO_32_BIT_CONVERSION = YES;
				GCC_WARN_ABOUT_RETURN_TYPE = YES_ERROR;
				GCC_WARN_UNDECLARED_SELECTOR = YES;
				GCC_WARN_UNINITIALIZED_AUTOS = YES_AGGRESSIVE;
				GCC_WARN_UNUSED_FUNCTION = YES;
				GCC_WARN_UNUSED_VARIABLE = YES;
				IPHONEOS_DEPLOYMENT_TARGET = 15.5;
				MTL_ENABLE_DEBUG_INFO = NO;
				MTL_FAST_MATH = YES;
				SDKROOT = iphoneos;
				SWIFT_COMPILATION_MODE = wholemodule;
				SWIFT_OPTIMIZATION_LEVEL = "-O";
				VALIDATE_PRODUCT = YES;
			};
			name = Release;
		};
		5F64567328703AA1002C669F /* Debug */ = {
			isa = XCBuildConfiguration;
			buildSettings = {
				ASSETCATALOG_COMPILER_APPICON_NAME = AppIcon;
				ASSETCATALOG_COMPILER_GLOBAL_ACCENT_COLOR_NAME = AccentColor;
				CODE_SIGN_STYLE = Automatic;
				CURRENT_PROJECT_VERSION = 1;
				DEVELOPMENT_ASSET_PATHS = "\"Africa/Preview Content\"";
				DEVELOPMENT_TEAM = 2825SGSHWB;
				ENABLE_PREVIEWS = YES;
				GENERATE_INFOPLIST_FILE = YES;
				INFOPLIST_FILE = Africa/Info.plist;
				INFOPLIST_KEY_UIApplicationSceneManifest_Generation = YES;
				INFOPLIST_KEY_UIApplicationSupportsIndirectInputEvents = YES;
				INFOPLIST_KEY_UISupportedInterfaceOrientations_iPad = "UIInterfaceOrientationPortrait UIInterfaceOrientationPortraitUpsideDown UIInterfaceOrientationLandscapeLeft UIInterfaceOrientationLandscapeRight";
				INFOPLIST_KEY_UISupportedInterfaceOrientations_iPhone = "UIInterfaceOrientationPortrait UIInterfaceOrientationLandscapeLeft UIInterfaceOrientationLandscapeRight";
				INFOPLIST_KEY_UIUserInterfaceStyle = Dark;
				LD_RUNPATH_SEARCH_PATHS = (
					"$(inherited)",
					"@executable_path/Frameworks",
				);
				MARKETING_VERSION = 1.0;
				PRODUCT_BUNDLE_IDENTIFIER = hiusanmaz.Africa;
				PRODUCT_NAME = "$(TARGET_NAME)";
				SWIFT_EMIT_LOC_STRINGS = YES;
				SWIFT_VERSION = 5.0;
				TARGETED_DEVICE_FAMILY = "1,2";
			};
			name = Debug;
		};
		5F64567428703AA1002C669F /* Release */ = {
			isa = XCBuildConfiguration;
			buildSettings = {
				ASSETCATALOG_COMPILER_APPICON_NAME = AppIcon;
				ASSETCATALOG_COMPILER_GLOBAL_ACCENT_COLOR_NAME = AccentColor;
				CODE_SIGN_STYLE = Automatic;
				CURRENT_PROJECT_VERSION = 1;
				DEVELOPMENT_ASSET_PATHS = "\"Africa/Preview Content\"";
				DEVELOPMENT_TEAM = 2825SGSHWB;
				ENABLE_PREVIEWS = YES;
				GENERATE_INFOPLIST_FILE = YES;
				INFOPLIST_FILE = Africa/Info.plist;
				INFOPLIST_KEY_UIApplicationSceneManifest_Generation = YES;
				INFOPLIST_KEY_UIApplicationSupportsIndirectInputEvents = YES;
				INFOPLIST_KEY_UISupportedInterfaceOrientations_iPad = "UIInterfaceOrientationPortrait UIInterfaceOrientationPortraitUpsideDown UIInterfaceOrientationLandscapeLeft UIInterfaceOrientationLandscapeRight";
				INFOPLIST_KEY_UISupportedInterfaceOrientations_iPhone = "UIInterfaceOrientationPortrait UIInterfaceOrientationLandscapeLeft UIInterfaceOrientationLandscapeRight";
				INFOPLIST_KEY_UIUserInterfaceStyle = Dark;
				LD_RUNPATH_SEARCH_PATHS = (
					"$(inherited)",
					"@executable_path/Frameworks",
				);
				MARKETING_VERSION = 1.0;
				PRODUCT_BUNDLE_IDENTIFIER = hiusanmaz.Africa;
				PRODUCT_NAME = "$(TARGET_NAME)";
				SWIFT_EMIT_LOC_STRINGS = YES;
				SWIFT_VERSION = 5.0;
				TARGETED_DEVICE_FAMILY = "1,2";
			};
			name = Release;
		};
/* End XCBuildConfiguration section */

/* Begin XCConfigurationList section */
		5F5841A5287AFA1600204318 /* Build configuration list for PBXNativeTarget "Stickers" */ = {
			isa = XCConfigurationList;
			buildConfigurations = (
				5F5841A6287AFA1600204318 /* Debug */,
				5F5841A7287AFA1600204318 /* Release */,
			);
			defaultConfigurationIsVisible = 0;
			defaultConfigurationName = Release;
		};
		5F64565F28703A9E002C669F /* Build configuration list for PBXProject "Africa" */ = {
			isa = XCConfigurationList;
			buildConfigurations = (
				5F64567028703AA1002C669F /* Debug */,
				5F64567128703AA1002C669F /* Release */,
			);
			defaultConfigurationIsVisible = 0;
			defaultConfigurationName = Release;
		};
		5F64567228703AA1002C669F /* Build configuration list for PBXNativeTarget "Africa" */ = {
			isa = XCConfigurationList;
			buildConfigurations = (
				5F64567328703AA1002C669F /* Debug */,
				5F64567428703AA1002C669F /* Release */,
			);
			defaultConfigurationIsVisible = 0;
			defaultConfigurationName = Release;
		};
/* End XCConfigurationList section */
	};
	rootObject = 5F64565C28703A9E002C669F /* Project object */;
}
